
Microsoft Visual Studio Solution File, Format Version 12.00
# Visual Studio 15
VisualStudioVersion = 15.0.28010.2016
MinimumVisualStudioVersion = 10.0.40219.1
Project("{FAE04EC0-301F-11D3-BF4B-00C04F79EFBC}") = "MyApplication1", "MyApplication1\MyApplication1.csproj", "{B31AAC17-784F-4B38-8484-C04BAF619387}"
EndProject
Global
	GlobalSection(SolutionConfigurationPlatforms) = preSolution
		Debug|Any CPU = Debug|Any CPU
		Release|Any CPU = Release|Any CPU
	EndGlobalSection
	GlobalSection(ProjectConfigurationPlatforms) = postSolution
		{B31AAC17-784F-4B38-8484-C04BAF619387}.Debug|Any CPU.ActiveCfg = Debug|Any CPU
		{B31AAC17-784F-4B38-8484-C04BAF619387}.Debug|Any CPU.Build.0 = Debug|Any CPU
		{B31AAC17-784F-4B38-8484-C04BAF619387}.Release|Any CPU.ActiveCfg = Release|Any CPU
		{B31AAC17-784F-4B38-8484-C04BAF619387}.Release|Any CPU.Build.0 = Release|Any CPU
	EndGlobalSection
	GlobalSection(SolutionProperties) = preSolution
		HideSolutionNode = FALSE
	EndGlobalSection
	GlobalSection(ExtensibilityGlobals) = postSolution
		SolutionGuid = {CC063C47-EDBA-4C5C-AC84-45EC548AF666}
	EndGlobalSection
EndGlobal
